
Microsoft Visual Studio Solution File, Format Version 12.00
# Visual Studio 2013
VisualStudioVersion = 12.0.30501.0
MinimumVisualStudioVersion = 10.0.40219.1
Project("{2150E333-8FDC-42A3-9474-1A3956D46DE8}") = "Domain", "Domain", "{F9F1748B-A50B-4EEB-9D5F-254A85C8C663}"
EndProject
Project("{2150E333-8FDC-42A3-9474-1A3956D46DE8}") = "Infraestructure", "Infraestructure", "{7DA3EBA4-D751-4924-9596-5C4DB5BEF8BB}"
EndProject
Project("{2150E333-8FDC-42A3-9474-1A3956D46DE8}") = "Web", "Web", "{1B07AC85-F6ED-4FF3-A938-9D7FBBFCD2D8}"
EndProject
Project("{FAE04EC0-301F-11D3-BF4B-00C04F79EFBC}") = "Infnet.Ivo.Tcc.Domain", "Infnet.Ivo.Tcc.Domain\Infnet.Ivo.Tcc.Domain.csproj", "{AF381BD6-C279-4BE8-B5FB-7CC0794D924D}"
EndProject
Project("{FAE04EC0-301F-11D3-BF4B-00C04F79EFBC}") = "Infnet.Ivo.Tcc.Web", "Infnet.Ivo.Tcc.Web\Infnet.Ivo.Tcc.Web.csproj", "{96D9B9A8-50EE-4244-9994-284B8C2AC728}"
EndProject
Global
	GlobalSection(SolutionConfigurationPlatforms) = preSolution
		Debug|Any CPU = Debug|Any CPU
		Release|Any CPU = Release|Any CPU
	EndGlobalSection
	GlobalSection(ProjectConfigurationPlatforms) = postSolution
		{AF381BD6-C279-4BE8-B5FB-7CC0794D924D}.Debug|Any CPU.ActiveCfg = Debug|Any CPU
		{AF381BD6-C279-4BE8-B5FB-7CC0794D924D}.Debug|Any CPU.Build.0 = Debug|Any CPU
		{AF381BD6-C279-4BE8-B5FB-7CC0794D924D}.Release|Any CPU.ActiveCfg = Release|Any CPU
		{AF381BD6-C279-4BE8-B5FB-7CC0794D924D}.Release|Any CPU.Build.0 = Release|Any CPU
		{96D9B9A8-50EE-4244-9994-284B8C2AC728}.Debug|Any CPU.ActiveCfg = Debug|Any CPU
		{96D9B9A8-50EE-4244-9994-284B8C2AC728}.Debug|Any CPU.Build.0 = Debug|Any CPU
		{96D9B9A8-50EE-4244-9994-284B8C2AC728}.Release|Any CPU.ActiveCfg = Release|Any CPU
		{96D9B9A8-50EE-4244-9994-284B8C2AC728}.Release|Any CPU.Build.0 = Release|Any CPU
	EndGlobalSection
	GlobalSection(SolutionProperties) = preSolution
		HideSolutionNode = FALSE
	EndGlobalSection
	GlobalSection(NestedProjects) = preSolution
		{AF381BD6-C279-4BE8-B5FB-7CC0794D924D} = {F9F1748B-A50B-4EEB-9D5F-254A85C8C663}
		{96D9B9A8-50EE-4244-9994-284B8C2AC728} = {1B07AC85-F6ED-4FF3-A938-9D7FBBFCD2D8}
	EndGlobalSection
EndGlobal
